
Microsoft Visual Studio Solution File, Format Version 12.00
# Visual Studio Version 17
VisualStudioVersion = 17.4.33110.190
MinimumVisualStudioVersion = 10.0.40219.1
Project("{FAE04EC0-301F-11D3-BF4B-00C04F79EFBC}") = "RockPaperScissor", "RockPaperScissor\RockPaperScissor.csproj", "{FFB111D8-30AB-4487-939E-CE0CAB5242BF}"
EndProject
Global
	GlobalSection(SolutionConfigurationPlatforms) = preSolution
		Debug|Any CPU = Debug|Any CPU
		Release|Any CPU = Release|Any CPU
	EndGlobalSection
	GlobalSection(ProjectConfigurationPlatforms) = postSolution
		{FFB111D8-30AB-4487-939E-CE0CAB5242BF}.Debug|Any CPU.ActiveCfg = Debug|Any CPU
		{FFB111D8-30AB-4487-939E-CE0CAB5242BF}.Debug|Any CPU.Build.0 = Debug|Any CPU
		{FFB111D8-30AB-4487-939E-CE0CAB5242BF}.Release|Any CPU.ActiveCfg = Release|Any CPU
		{FFB111D8-30AB-4487-939E-CE0CAB5242BF}.Release|Any CPU.Build.0 = Release|Any CPU
	EndGlobalSection
	GlobalSection(SolutionProperties) = preSolution
		HideSolutionNode = FALSE
	EndGlobalSection
	GlobalSection(ExtensibilityGlobals) = postSolution
		SolutionGuid = {20B01820-8A40-44D8-B4C0-054CF0CF5A96}
	EndGlobalSection
EndGlobal
